Microsoft Visual Studio Solution File, Format Version 12.00
# Visual Studio Version 17
VisualStudioVersion = 17.5.2.0
MinimumVisualStudioVersion = 10.0.40219.1
Project("{FAE04EC0-301F-11D3-BF4B-00C04F79EFBC}") = "pricing-logger-dotnet", "pricing-logger-dotnet.csproj", "{266EED91-CFD6-7623-ED13-D4D609370802}"
EndProject
Global
	GlobalSection(SolutionConfigurationPlatforms) = preSolution
		Debug|Any CPU = Debug|Any CPU
		Release|Any CPU = Release|Any CPU
	EndGlobalSection
	GlobalSection(ProjectConfigurationPlatforms) = postSolution
		{266EED91-CFD6-7623-ED13-D4D609370802}.Debug|Any CPU.ActiveCfg = Debug|Any CPU
		{266EED91-CFD6-7623-ED13-D4D609370802}.Debug|Any CPU.Build.0 = Debug|Any CPU
		{266EED91-CFD6-7623-ED13-D4D609370802}.Release|Any CPU.ActiveCfg = Release|Any CPU
		{266EED91-CFD6-7623-ED13-D4D609370802}.Release|Any CPU.Build.0 = Release|Any CPU
	EndGlobalSection
	GlobalSection(SolutionProperties) = preSolution
		HideSolutionNode = FALSE
	EndGlobalSection
	GlobalSection(ExtensibilityGlobals) = postSolution
		SolutionGuid = {90F73F3A-52D9-4077-9F7F-99E0F885C97A}
	EndGlobalSection
EndGlobal
